
Microsoft Visual Studio Solution File, Format Version 12.00
# Visual Studio 15
VisualStudioVersion = 15.0.27130.2027
MinimumVisualStudioVersion = 10.0.40219.1
Project("{9A19103F-16F7-4668-BE54-9A1E7A4F7556}") = "IoC", "IoC\IoC.csproj", "{F84EE174-3C3A-437F-B03F-26E78A8E6437}"
EndProject
Project("{9A19103F-16F7-4668-BE54-9A1E7A4F7556}") = "IoC.Tests", "IoC.Tests\IoC.Tests.csproj", "{4EE6C872-A10B-44C9-8118-1B1791DDC2E4}"
EndProject
Project("{9A19103F-16F7-4668-BE54-9A1E7A4F7556}") = "IoC.Comparison", "IoC.Comparison\IoC.Comparison.csproj", "{7DF474D7-E49E-467B-9CFF-5BEC8FB2AE0E}"
EndProject
Project("{9A19103F-16F7-4668-BE54-9A1E7A4F7556}") = "IoC.AspNetCore", "IoC.AspNetCore\IoC.AspNetCore.csproj", "{B79F70D5-259D-464D-ADEE-9452A83B26FC}"
EndProject
Project("{9A19103F-16F7-4668-BE54-9A1E7A4F7556}") = "IoC.Source", "IoC.Source\IoC.Source.csproj", "{F4DD922D-AC6B-4E48-995F-9F00AE29C075}"
EndProject
Project("{9A19103F-16F7-4668-BE54-9A1E7A4F7556}") = "IoC.AspNetCore.Source", "IoC.AspNetCore.Source\IoC.AspNetCore.Source.csproj", "{A5A86167-621A-4421-ADF1-B35EE662A487}"
EndProject
Project("{2150E333-8FDC-42A3-9474-1A3956D46DE8}") = "readme", "readme", "{1292820D-44E5-4885-A47E-977C08E3CC8D}"
	ProjectSection(SolutionItems) = preProject
		README_BODY.md = README_BODY.md
		README_FEATURES.md = README_FEATURES.md
		README_FOOTER.md = README_FOOTER.md
		README_HEADER.md = README_HEADER.md
	EndProjectSection
EndProject
Project("{9A19103F-16F7-4668-BE54-9A1E7A4F7556}") = "IoC.Interception", "IoC.Interception\IoC.Interception.csproj", "{98501F3D-30BC-4B6B-BDDC-C76A11D17F06}"
EndProject
Global
	GlobalSection(SolutionConfigurationPlatforms) = preSolution
		Debug|Any CPU = Debug|Any CPU
		Debug|ARM = Debug|ARM
		Debug|x64 = Debug|x64
		Debug|x86 = Debug|x86
		Release|Any CPU = Release|Any CPU
		Release|ARM = Release|ARM
		Release|x64 = Release|x64
		Release|x86 = Release|x86
	EndGlobalSection
	GlobalSection(ProjectConfigurationPlatforms) = postSolution
		{F84EE174-3C3A-437F-B03F-26E78A8E6437}.Debug|Any CPU.ActiveCfg = Debug|Any CPU
		{F84EE174-3C3A-437F-B03F-26E78A8E6437}.Debug|Any CPU.Build.0 = Debug|Any CPU
		{F84EE174-3C3A-437F-B03F-26E78A8E6437}.Debug|ARM.ActiveCfg = Debug|Any CPU
		{F84EE174-3C3A-437F-B03F-26E78A8E6437}.Debug|ARM.Build.0 = Debug|Any CPU
		{F84EE174-3C3A-437F-B03F-26E78A8E6437}.Debug|x64.ActiveCfg = Debug|Any CPU
		{F84EE174-3C3A-437F-B03F-26E78A8E6437}.Debug|x64.Build.0 = Debug|Any CPU
		{F84EE174-3C3A-437F-B03F-26E78A8E6437}.Debug|x86.ActiveCfg = Debug|Any CPU
		{F84EE174-3C3A-437F-B03F-26E78A8E6437}.Debug|x86.Build.0 = Debug|Any CPU
		{F84EE174-3C3A-437F-B03F-26E78A8E6437}.Release|Any CPU.ActiveCfg = Release|Any CPU
		{F84EE174-3C3A-437F-B03F-26E78A8E6437}.Release|Any CPU.Build.0 = Release|Any CPU
		{F84EE174-3C3A-437F-B03F-26E78A8E6437}.Release|ARM.ActiveCfg = Release|Any CPU
		{F84EE174-3C3A-437F-B03F-26E78A8E6437}.Release|ARM.Build.0 = Release|Any CPU
		{F84EE174-3C3A-437F-B03F-26E78A8E6437}.Release|x64.ActiveCfg = Release|Any CPU
		{F84EE174-3C3A-437F-B03F-26E78A8E6437}.Release|x64.Build.0 = Release|Any CPU
		{F84EE174-3C3A-437F-B03F-26E78A8E6437}.Release|x86.ActiveCfg = Release|Any CPU
		{F84EE174-3C3A-437F-B03F-26E78A8E6437}.Release|x86.Build.0 = Release|Any CPU
		{4EE6C872-A10B-44C9-8118-1B1791DDC2E4}.Debug|Any CPU.ActiveCfg = Debug|Any CPU
		{4EE6C872-A10B-44C9-8118-1B1791DDC2E4}.Debug|Any CPU.Build.0 = Debug|Any CPU
		{4EE6C872-A10B-44C9-8118-1B1791DDC2E4}.Debug|ARM.ActiveCfg = Debug|Any CPU
		{4EE6C872-A10B-44C9-8118-1B1791DDC2E4}.Debug|ARM.Build.0 = Debug|Any CPU
		{4EE6C872-A10B-44C9-8118-1B1791DDC2E4}.Debug|x64.ActiveCfg = Debug|Any CPU
		{4EE6C872-A10B-44C9-8118-1B1791DDC2E4}.Debug|x64.Build.0 = Debug|Any CPU
		{4EE6C872-A10B-44C9-8118-1B1791DDC2E4}.Debug|x86.ActiveCfg = Debug|Any CPU
		{4EE6C872-A10B-44C9-8118-1B1791DDC2E4}.Debug|x86.Build.0 = Debug|Any CPU
		{4EE6C872-A10B-44C9-8118-1B1791DDC2E4}.Release|Any CPU.ActiveCfg = Release|Any CPU
		{4EE6C872-A10B-44C9-8118-1B1791DDC2E4}.Release|Any CPU.Build.0 = Release|Any CPU
		{4EE6C872-A10B-44C9-8118-1B1791DDC2E4}.Release|ARM.ActiveCfg = Release|Any CPU
		{4EE6C872-A10B-44C9-8118-1B1791DDC2E4}.Release|ARM.Build.0 = Release|Any CPU
		{4EE6C872-A10B-44C9-8118-1B1791DDC2E4}.Release|x64.ActiveCfg = Release|Any CPU
		{4EE6C872-A10B-44C9-8118-1B1791DDC2E4}.Release|x64.Build.0 = Release|Any CPU
		{4EE6C872-A10B-44C9-8118-1B1791DDC2E4}.Release|x86.ActiveCfg = Release|Any CPU
		{4EE6C872-A10B-44C9-8118-1B1791DDC2E4}.Release|x86.Build.0 = Release|Any CPU
		{7DF474D7-E49E-467B-9CFF-5BEC8FB2AE0E}.Debug|Any CPU.ActiveCfg = Debug|Any CPU
		{7DF474D7-E49E-467B-9CFF-5BEC8FB2AE0E}.Debug|Any CPU.Build.0 = Debug|Any CPU
		{7DF474D7-E49E-467B-9CFF-5BEC8FB2AE0E}.Debug|ARM.ActiveCfg = Debug|Any CPU
		{7DF474D7-E49E-467B-9CFF-5BEC8FB2AE0E}.Debug|ARM.Build.0 = Debug|Any CPU
		{7DF474D7-E49E-467B-9CFF-5BEC8FB2AE0E}.Debug|x64.ActiveCfg = Debug|Any CPU
		{7DF474D7-E49E-467B-9CFF-5BEC8FB2AE0E}.Debug|x64.Build.0 = Debug|Any CPU
		{7DF474D7-E49E-467B-9CFF-5BEC8FB2AE0E}.Debug|x86.ActiveCfg = Debug|Any CPU
		{7DF474D7-E49E-467B-9CFF-5BEC8FB2AE0E}.Debug|x86.Build.0 = Debug|Any CPU
		{7DF474D7-E49E-467B-9CFF-5BEC8FB2AE0E}.Release|Any CPU.ActiveCfg = Release|Any CPU
		{7DF474D7-E49E-467B-9CFF-5BEC8FB2AE0E}.Release|Any CPU.Build.0 = Release|Any CPU
		{7DF474D7-E49E-467B-9CFF-5BEC8FB2AE0E}.Release|ARM.ActiveCfg = Release|Any CPU
		{7DF474D7-E49E-467B-9CFF-5BEC8FB2AE0E}.Release|ARM.Build.0 = Release|Any CPU
		{7DF474D7-E49E-467B-9CFF-5BEC8FB2AE0E}.Release|x64.ActiveCfg = Release|Any CPU
		{7DF474D7-E49E-467B-9CFF-5BEC8FB2AE0E}.Release|x64.Build.0 = Release|Any CPU
		{7DF474D7-E49E-467B-9CFF-5BEC8FB2AE0E}.Release|x86.ActiveCfg = Release|Any CPU
		{7DF474D7-E49E-467B-9CFF-5BEC8FB2AE0E}.Release|x86.Build.0 = Release|Any CPU
		{B79F70D5-259D-464D-ADEE-9452A83B26FC}.Debug|Any CPU.ActiveCfg = Debug|Any CPU
		{B79F70D5-259D-464D-ADEE-9452A83B26FC}.Debug|Any CPU.Build.0 = Debug|Any CPU
		{B79F70D5-259D-464D-ADEE-9452A83B26FC}.Debug|ARM.ActiveCfg = Debug|Any CPU
		{B79F70D5-259D-464D-ADEE-9452A83B26FC}.Debug|ARM.Build.0 = Debug|Any CPU
		{B79F70D5-259D-464D-ADEE-9452A83B26FC}.Debug|x64.ActiveCfg = Debug|Any CPU
		{B79F70D5-259D-464D-ADEE-9452A83B26FC}.Debug|x64.Build.0 = Debug|Any CPU
		{B79F70D5-259D-464D-ADEE-9452A83B26FC}.Debug|x86.ActiveCfg = Debug|Any CPU
		{B79F70D5-259D-464D-ADEE-9452A83B26FC}.Debug|x86.Build.0 = Debug|Any CPU
		{B79F70D5-259D-464D-ADEE-9452A83B26FC}.Release|Any CPU.ActiveCfg = Release|Any CPU
		{B79F70D5-259D-464D-ADEE-9452A83B26FC}.Release|Any CPU.Build.0 = Release|Any CPU
		{B79F70D5-259D-464D-ADEE-9452A83B26FC}.Release|ARM.ActiveCfg = Release|Any CPU
		{B79F70D5-259D-464D-ADEE-9452A83B26FC}.Release|ARM.Build.0 = Release|Any CPU
		{B79F70D5-259D-464D-ADEE-9452A83B26FC}.Release|x64.ActiveCfg = Release|Any CPU
		{B79F70D5-259D-464D-ADEE-9452A83B26FC}.Release|x64.Build.0 = Release|Any CPU
		{B79F70D5-259D-464D-ADEE-9452A83B26FC}.Release|x86.ActiveCfg = Release|Any CPU
		{B79F70D5-259D-464D-ADEE-9452A83B26FC}.Release|x86.Build.0 = Release|Any CPU
		{F4DD922D-AC6B-4E48-995F-9F00AE29C075}.Debug|Any CPU.ActiveCfg = Debug|Any CPU
		{F4DD922D-AC6B-4E48-995F-9F00AE29C075}.Debug|Any CPU.Build.0 = Debug|Any CPU
		{F4DD922D-AC6B-4E48-995F-9F00AE29C075}.Debug|ARM.ActiveCfg = Debug|Any CPU
		{F4DD922D-AC6B-4E48-995F-9F00AE29C075}.Debug|ARM.Build.0 = Debug|Any CPU
		{F4DD922D-AC6B-4E48-995F-9F00AE29C075}.Debug|x64.ActiveCfg = Debug|Any CPU
		{F4DD922D-AC6B-4E48-995F-9F00AE29C075}.Debug|x64.Build.0 = Debug|Any CPU
		{F4DD922D-AC6B-4E48-995F-9F00AE29C075}.Debug|x86.ActiveCfg = Debug|Any CPU
		{F4DD922D-AC6B-4E48-995F-9F00AE29C075}.Debug|x86.Build.0 = Debug|Any CPU
		{F4DD922D-AC6B-4E48-995F-9F00AE29C075}.Release|Any CPU.ActiveCfg = Release|Any CPU
		{F4DD922D-AC6B-4E48-995F-9F00AE29C075}.Release|Any CPU.Build.0 = Release|Any CPU
		{F4DD922D-AC6B-4E48-995F-9F00AE29C075}.Release|ARM.ActiveCfg = Release|Any CPU
		{F4DD922D-AC6B-4E48-995F-9F00AE29C075}.Release|ARM.Build.0 = Release|Any CPU
		{F4DD922D-AC6B-4E48-995F-9F00AE29C075}.Release|x64.ActiveCfg = Release|Any CPU
		{F4DD922D-AC6B-4E48-995F-9F00AE29C075}.Release|x64.Build.0 = Release|Any CPU
		{F4DD922D-AC6B-4E48-995F-9F00AE29C075}.Release|x86.ActiveCfg = Release|Any CPU
		{F4DD922D-AC6B-4E48-995F-9F00AE29C075}.Release|x86.Build.0 = Release|Any CPU
		{A5A86167-621A-4421-ADF1-B35EE662A487}.Debug|Any CPU.ActiveCfg = Debug|Any CPU
		{A5A86167-621A-4421-ADF1-B35EE662A487}.Debug|Any CPU.Build.0 = Debug|Any CPU
		{A5A86167-621A-4421-ADF1-B35EE662A487}.Debug|ARM.ActiveCfg = Debug|Any CPU
		{A5A86167-621A-4421-ADF1-B35EE662A487}.Debug|ARM.Build.0 = Debug|Any CPU
		{A5A86167-621A-4421-ADF1-B35EE662A487}.Debug|x64.ActiveCfg = Debug|Any CPU
		{A5A86167-621A-4421-ADF1-B35EE662A487}.Debug|x64.Build.0 = Debug|Any CPU
		{A5A86167-621A-4421-ADF1-B35EE662A487}.Debug|x86.ActiveCfg = Debug|Any CPU
		{A5A86167-621A-4421-ADF1-B35EE662A487}.Debug|x86.Build.0 = Debug|Any CPU
		{A5A86167-621A-4421-ADF1-B35EE662A487}.Release|Any CPU.ActiveCfg = Release|Any CPU
		{A5A86167-621A-4421-ADF1-B35EE662A487}.Release|Any CPU.Build.0 = Release|Any CPU
		{A5A86167-621A-4421-ADF1-B35EE662A487}.Release|ARM.ActiveCfg = Release|Any CPU
		{A5A86167-621A-4421-ADF1-B35EE662A487}.Release|ARM.Build.0 = Release|Any CPU
		{A5A86167-621A-4421-ADF1-B35EE662A487}.Release|x64.ActiveCfg = Release|Any CPU
		{A5A86167-621A-4421-ADF1-B35EE662A487}.Release|x64.Build.0 = Release|Any CPU
		{A5A86167-621A-4421-ADF1-B35EE662A487}.Release|x86.ActiveCfg = Release|Any CPU
		{A5A86167-621A-4421-ADF1-B35EE662A487}.Release|x86.Build.0 = Release|Any CPU
		{98501F3D-30BC-4B6B-BDDC-C76A11D17F06}.Debug|Any CPU.ActiveCfg = Debug|Any CPU
		{98501F3D-30BC-4B6B-BDDC-C76A11D17F06}.Debug|Any CPU.Build.0 = Debug|Any CPU
		{98501F3D-30BC-4B6B-BDDC-C76A11D17F06}.Debug|ARM.ActiveCfg = Debug|Any CPU
		{98501F3D-30BC-4B6B-BDDC-C76A11D17F06}.Debug|ARM.Build.0 = Debug|Any CPU
		{98501F3D-30BC-4B6B-BDDC-C76A11D17F06}.Debug|x64.ActiveCfg = Debug|Any CPU
		{98501F3D-30BC-4B6B-BDDC-C76A11D17F06}.Debug|x64.Build.0 = Debug|Any CPU
		{98501F3D-30BC-4B6B-BDDC-C76A11D17F06}.Debug|x86.ActiveCfg = Debug|Any CPU
		{98501F3D-30BC-4B6B-BDDC-C76A11D17F06}.Debug|x86.Build.0 = Debug|Any CPU
		{98501F3D-30BC-4B6B-BDDC-C76A11D17F06}.Release|Any CPU.ActiveCfg = Release|Any CPU
		{98501F3D-30BC-4B6B-BDDC-C76A11D17F06}.Release|Any CPU.Build.0 = Release|Any CPU
		{98501F3D-30BC-4B6B-BDDC-C76A11D17F06}.Release|ARM.ActiveCfg = Release|Any CPU
		{98501F3D-30BC-4B6B-BDDC-C76A11D17F06}.Release|ARM.Build.0 = Release|Any CPU
		{98501F3D-30BC-4B6B-BDDC-C76A11D17F06}.Release|x64.ActiveCfg = Release|Any CPU
		{98501F3D-30BC-4B6B-BDDC-C76A11D17F06}.Release|x64.Build.0 = Release|Any CPU
		{98501F3D-30BC-4B6B-BDDC-C76A11D17F06}.Release|x86.ActiveCfg = Release|Any CPU
		{98501F3D-30BC-4B6B-BDDC-C76A11D17F06}.Release|x86.Build.0 = Release|Any CPU
	EndGlobalSection
	GlobalSection(SolutionProperties) = preSolution
		HideSolutionNode = FALSE
	EndGlobalSection
	GlobalSection(ExtensibilityGlobals) = postSolution
		SolutionGuid = {27018182-DD0D-4C56-94DB-31FBD531E527}
	EndGlobalSection
EndGlobal
