
Microsoft Visual Studio Solution File, Format Version 12.00
# Visual Studio Version 16
VisualStudioVersion = 16.0.28621.142
MinimumVisualStudioVersion = 10.0.40219.1
Project("{9A19103F-16F7-4668-BE54-9A1E7A4F7556}") = "ShroedingersCat", "Samples\ShroedingersCat\ShroedingersCat.csproj", "{FEFE5A9D-F61D-4C34-A445-E253FD6F732A}"
EndProject
Project("{FAE04EC0-301F-11D3-BF4B-00C04F79EFBC}") = "WpfApp", "Samples\WpfApp\WpfApp.csproj", "{C2286800-5AE9-4B83-8F32-E2AFED2D9A79}"
EndProject
Project("{FAE04EC0-301F-11D3-BF4B-00C04F79EFBC}") = "UwpApp", "Samples\UwpApp\UwpApp.csproj", "{6A3D1F6F-3296-4263-849C-2AEECFCE2513}"
EndProject
Project("{FAE04EC0-301F-11D3-BF4B-00C04F79EFBC}") = "WcfServiceLibrary", "Samples\WcfServiceLibrary\WcfServiceLibrary.csproj", "{EDA02956-FEB7-4856-9B0A-A97B00FE106E}"
EndProject
Project("{9A19103F-16F7-4668-BE54-9A1E7A4F7556}") = "EntityFrameworkCore", "Samples\EntityFrameworkCore\EntityFrameworkCore.csproj", "{1AB5FD94-ECCC-4E37-A4DD-AB3C7E332F2D}"
EndProject
Project("{9A19103F-16F7-4668-BE54-9A1E7A4F7556}") = "IoC", "IoC\IoC.csproj", "{C7A8334E-C162-429F-9445-809060E39748}"
EndProject
Project("{9A19103F-16F7-4668-BE54-9A1E7A4F7556}") = "IoC.AspNetCore", "IoC.AspNetCore\IoC.AspNetCore.csproj", "{3B0AC909-EE8F-45DF-8415-BC57A36D457D}"
EndProject
Project("{9A19103F-16F7-4668-BE54-9A1E7A4F7556}") = "SampleModels", "Samples\SampleModels\SampleModels.csproj", "{13CF9611-A4D7-47BE-B2A9-58CC1061B4B5}"
EndProject
Project("{9A19103F-16F7-4668-BE54-9A1E7A4F7556}") = "WpfAppNetCore", "Samples\WpfAppNetCore\WpfAppNetCore.csproj", "{C3B317FC-DB21-43C3-B27C-F11B24314CEF}"
EndProject
Project("{FAE04EC0-301F-11D3-BF4B-00C04F79EFBC}") = "XamarinXaml.Android", "Samples\XamarinXaml\XamarinXaml.Android\XamarinXaml.Android.csproj", "{0A635765-C8EC-4F30-8A7F-D0ADA508B69E}"
EndProject
Project("{9A19103F-16F7-4668-BE54-9A1E7A4F7556}") = "XamarinXaml", "Samples\XamarinXaml\XamarinXaml\XamarinXaml.csproj", "{EAFE81E2-4A9A-4507-BFA8-2FE761BEFFC5}"
EndProject
Project("{9A19103F-16F7-4668-BE54-9A1E7A4F7556}") = "WebApplication2", "Samples\WebApplication2\WebApplication2.csproj", "{21392660-E103-4C8E-B334-32DC7A045235}"
EndProject
Project("{9A19103F-16F7-4668-BE54-9A1E7A4F7556}") = "WebApplication3", "Samples\WebApplication3\WebApplication3.csproj", "{80567B7F-2ABF-433B-8988-A194C4D9EDF0}"
EndProject
Project("{2150E333-8FDC-42A3-9474-1A3956D46DE8}") = "Solution Items", "Solution Items", "{C0157565-1319-47E5-B55E-C12CCD466F1E}"
EndProject
Global
	GlobalSection(SolutionConfigurationPlatforms) = preSolution
		Debug|Any CPU = Debug|Any CPU
		Debug|ARM = Debug|ARM
		Debug|x64 = Debug|x64
		Debug|x86 = Debug|x86
		Release|Any CPU = Release|Any CPU
		Release|ARM = Release|ARM
		Release|x64 = Release|x64
		Release|x86 = Release|x86
	EndGlobalSection
	GlobalSection(ProjectConfigurationPlatforms) = postSolution
		{FEFE5A9D-F61D-4C34-A445-E253FD6F732A}.Debug|Any CPU.ActiveCfg = Debug|Any CPU
		{FEFE5A9D-F61D-4C34-A445-E253FD6F732A}.Debug|Any CPU.Build.0 = Debug|Any CPU
		{FEFE5A9D-F61D-4C34-A445-E253FD6F732A}.Debug|ARM.ActiveCfg = Debug|Any CPU
		{FEFE5A9D-F61D-4C34-A445-E253FD6F732A}.Debug|ARM.Build.0 = Debug|Any CPU
		{FEFE5A9D-F61D-4C34-A445-E253FD6F732A}.Debug|x64.ActiveCfg = Debug|Any CPU
		{FEFE5A9D-F61D-4C34-A445-E253FD6F732A}.Debug|x64.Build.0 = Debug|Any CPU
		{FEFE5A9D-F61D-4C34-A445-E253FD6F732A}.Debug|x86.ActiveCfg = Debug|Any CPU
		{FEFE5A9D-F61D-4C34-A445-E253FD6F732A}.Debug|x86.Build.0 = Debug|Any CPU
		{FEFE5A9D-F61D-4C34-A445-E253FD6F732A}.Release|Any CPU.ActiveCfg = Release|Any CPU
		{FEFE5A9D-F61D-4C34-A445-E253FD6F732A}.Release|Any CPU.Build.0 = Release|Any CPU
		{FEFE5A9D-F61D-4C34-A445-E253FD6F732A}.Release|ARM.ActiveCfg = Release|Any CPU
		{FEFE5A9D-F61D-4C34-A445-E253FD6F732A}.Release|ARM.Build.0 = Release|Any CPU
		{FEFE5A9D-F61D-4C34-A445-E253FD6F732A}.Release|x64.ActiveCfg = Release|Any CPU
		{FEFE5A9D-F61D-4C34-A445-E253FD6F732A}.Release|x64.Build.0 = Release|Any CPU
		{FEFE5A9D-F61D-4C34-A445-E253FD6F732A}.Release|x86.ActiveCfg = Release|Any CPU
		{FEFE5A9D-F61D-4C34-A445-E253FD6F732A}.Release|x86.Build.0 = Release|Any CPU
		{C2286800-5AE9-4B83-8F32-E2AFED2D9A79}.Debug|Any CPU.ActiveCfg = Debug|Any CPU
		{C2286800-5AE9-4B83-8F32-E2AFED2D9A79}.Debug|Any CPU.Build.0 = Debug|Any CPU
		{C2286800-5AE9-4B83-8F32-E2AFED2D9A79}.Debug|ARM.ActiveCfg = Debug|Any CPU
		{C2286800-5AE9-4B83-8F32-E2AFED2D9A79}.Debug|ARM.Build.0 = Debug|Any CPU
		{C2286800-5AE9-4B83-8F32-E2AFED2D9A79}.Debug|x64.ActiveCfg = Debug|Any CPU
		{C2286800-5AE9-4B83-8F32-E2AFED2D9A79}.Debug|x64.Build.0 = Debug|Any CPU
		{C2286800-5AE9-4B83-8F32-E2AFED2D9A79}.Debug|x86.ActiveCfg = Debug|Any CPU
		{C2286800-5AE9-4B83-8F32-E2AFED2D9A79}.Debug|x86.Build.0 = Debug|Any CPU
		{C2286800-5AE9-4B83-8F32-E2AFED2D9A79}.Release|Any CPU.ActiveCfg = Release|Any CPU
		{C2286800-5AE9-4B83-8F32-E2AFED2D9A79}.Release|Any CPU.Build.0 = Release|Any CPU
		{C2286800-5AE9-4B83-8F32-E2AFED2D9A79}.Release|ARM.ActiveCfg = Release|Any CPU
		{C2286800-5AE9-4B83-8F32-E2AFED2D9A79}.Release|ARM.Build.0 = Release|Any CPU
		{C2286800-5AE9-4B83-8F32-E2AFED2D9A79}.Release|x64.ActiveCfg = Release|Any CPU
		{C2286800-5AE9-4B83-8F32-E2AFED2D9A79}.Release|x64.Build.0 = Release|Any CPU
		{C2286800-5AE9-4B83-8F32-E2AFED2D9A79}.Release|x86.ActiveCfg = Release|Any CPU
		{C2286800-5AE9-4B83-8F32-E2AFED2D9A79}.Release|x86.Build.0 = Release|Any CPU
		{6A3D1F6F-3296-4263-849C-2AEECFCE2513}.Debug|Any CPU.ActiveCfg = Debug|x86
		{6A3D1F6F-3296-4263-849C-2AEECFCE2513}.Debug|ARM.ActiveCfg = Debug|ARM
		{6A3D1F6F-3296-4263-849C-2AEECFCE2513}.Debug|ARM.Build.0 = Debug|ARM
		{6A3D1F6F-3296-4263-849C-2AEECFCE2513}.Debug|ARM.Deploy.0 = Debug|ARM
		{6A3D1F6F-3296-4263-849C-2AEECFCE2513}.Debug|x64.ActiveCfg = Debug|x64
		{6A3D1F6F-3296-4263-849C-2AEECFCE2513}.Debug|x64.Build.0 = Debug|x64
		{6A3D1F6F-3296-4263-849C-2AEECFCE2513}.Debug|x64.Deploy.0 = Debug|x64
		{6A3D1F6F-3296-4263-849C-2AEECFCE2513}.Debug|x86.ActiveCfg = Debug|x86
		{6A3D1F6F-3296-4263-849C-2AEECFCE2513}.Debug|x86.Build.0 = Debug|x86
		{6A3D1F6F-3296-4263-849C-2AEECFCE2513}.Debug|x86.Deploy.0 = Debug|x86
		{6A3D1F6F-3296-4263-849C-2AEECFCE2513}.Release|Any CPU.ActiveCfg = Release|x86
		{6A3D1F6F-3296-4263-849C-2AEECFCE2513}.Release|ARM.ActiveCfg = Release|ARM
		{6A3D1F6F-3296-4263-849C-2AEECFCE2513}.Release|ARM.Build.0 = Release|ARM
		{6A3D1F6F-3296-4263-849C-2AEECFCE2513}.Release|ARM.Deploy.0 = Release|ARM
		{6A3D1F6F-3296-4263-849C-2AEECFCE2513}.Release|x64.ActiveCfg = Release|x64
		{6A3D1F6F-3296-4263-849C-2AEECFCE2513}.Release|x64.Build.0 = Release|x64
		{6A3D1F6F-3296-4263-849C-2AEECFCE2513}.Release|x64.Deploy.0 = Release|x64
		{6A3D1F6F-3296-4263-849C-2AEECFCE2513}.Release|x86.ActiveCfg = Release|x86
		{6A3D1F6F-3296-4263-849C-2AEECFCE2513}.Release|x86.Build.0 = Release|x86
		{6A3D1F6F-3296-4263-849C-2AEECFCE2513}.Release|x86.Deploy.0 = Release|x86
		{EDA02956-FEB7-4856-9B0A-A97B00FE106E}.Debug|Any CPU.ActiveCfg = Debug|Any CPU
		{EDA02956-FEB7-4856-9B0A-A97B00FE106E}.Debug|Any CPU.Build.0 = Debug|Any CPU
		{EDA02956-FEB7-4856-9B0A-A97B00FE106E}.Debug|ARM.ActiveCfg = Debug|Any CPU
		{EDA02956-FEB7-4856-9B0A-A97B00FE106E}.Debug|ARM.Build.0 = Debug|Any CPU
		{EDA02956-FEB7-4856-9B0A-A97B00FE106E}.Debug|x64.ActiveCfg = Debug|Any CPU
		{EDA02956-FEB7-4856-9B0A-A97B00FE106E}.Debug|x64.Build.0 = Debug|Any CPU
		{EDA02956-FEB7-4856-9B0A-A97B00FE106E}.Debug|x86.ActiveCfg = Debug|Any CPU
		{EDA02956-FEB7-4856-9B0A-A97B00FE106E}.Debug|x86.Build.0 = Debug|Any CPU
		{EDA02956-FEB7-4856-9B0A-A97B00FE106E}.Release|Any CPU.ActiveCfg = Release|Any CPU
		{EDA02956-FEB7-4856-9B0A-A97B00FE106E}.Release|Any CPU.Build.0 = Release|Any CPU
		{EDA02956-FEB7-4856-9B0A-A97B00FE106E}.Release|ARM.ActiveCfg = Release|Any CPU
		{EDA02956-FEB7-4856-9B0A-A97B00FE106E}.Release|ARM.Build.0 = Release|Any CPU
		{EDA02956-FEB7-4856-9B0A-A97B00FE106E}.Release|x64.ActiveCfg = Release|Any CPU
		{EDA02956-FEB7-4856-9B0A-A97B00FE106E}.Release|x64.Build.0 = Release|Any CPU
		{EDA02956-FEB7-4856-9B0A-A97B00FE106E}.Release|x86.ActiveCfg = Release|Any CPU
		{EDA02956-FEB7-4856-9B0A-A97B00FE106E}.Release|x86.Build.0 = Release|Any CPU
		{1AB5FD94-ECCC-4E37-A4DD-AB3C7E332F2D}.Debug|Any CPU.ActiveCfg = Debug|Any CPU
		{1AB5FD94-ECCC-4E37-A4DD-AB3C7E332F2D}.Debug|Any CPU.Build.0 = Debug|Any CPU
		{1AB5FD94-ECCC-4E37-A4DD-AB3C7E332F2D}.Debug|ARM.ActiveCfg = Debug|Any CPU
		{1AB5FD94-ECCC-4E37-A4DD-AB3C7E332F2D}.Debug|ARM.Build.0 = Debug|Any CPU
		{1AB5FD94-ECCC-4E37-A4DD-AB3C7E332F2D}.Debug|x64.ActiveCfg = Debug|Any CPU
		{1AB5FD94-ECCC-4E37-A4DD-AB3C7E332F2D}.Debug|x64.Build.0 = Debug|Any CPU
		{1AB5FD94-ECCC-4E37-A4DD-AB3C7E332F2D}.Debug|x86.ActiveCfg = Debug|Any CPU
		{1AB5FD94-ECCC-4E37-A4DD-AB3C7E332F2D}.Debug|x86.Build.0 = Debug|Any CPU
		{1AB5FD94-ECCC-4E37-A4DD-AB3C7E332F2D}.Release|Any CPU.ActiveCfg = Release|Any CPU
		{1AB5FD94-ECCC-4E37-A4DD-AB3C7E332F2D}.Release|Any CPU.Build.0 = Release|Any CPU
		{1AB5FD94-ECCC-4E37-A4DD-AB3C7E332F2D}.Release|ARM.ActiveCfg = Release|Any CPU
		{1AB5FD94-ECCC-4E37-A4DD-AB3C7E332F2D}.Release|ARM.Build.0 = Release|Any CPU
		{1AB5FD94-ECCC-4E37-A4DD-AB3C7E332F2D}.Release|x64.ActiveCfg = Release|Any CPU
		{1AB5FD94-ECCC-4E37-A4DD-AB3C7E332F2D}.Release|x64.Build.0 = Release|Any CPU
		{1AB5FD94-ECCC-4E37-A4DD-AB3C7E332F2D}.Release|x86.ActiveCfg = Release|Any CPU
		{1AB5FD94-ECCC-4E37-A4DD-AB3C7E332F2D}.Release|x86.Build.0 = Release|Any CPU
		{C7A8334E-C162-429F-9445-809060E39748}.Debug|Any CPU.ActiveCfg = Debug|Any CPU
		{C7A8334E-C162-429F-9445-809060E39748}.Debug|Any CPU.Build.0 = Debug|Any CPU
		{C7A8334E-C162-429F-9445-809060E39748}.Debug|ARM.ActiveCfg = Debug|Any CPU
		{C7A8334E-C162-429F-9445-809060E39748}.Debug|ARM.Build.0 = Debug|Any CPU
		{C7A8334E-C162-429F-9445-809060E39748}.Debug|x64.ActiveCfg = Debug|Any CPU
		{C7A8334E-C162-429F-9445-809060E39748}.Debug|x64.Build.0 = Debug|Any CPU
		{C7A8334E-C162-429F-9445-809060E39748}.Debug|x86.ActiveCfg = Debug|Any CPU
		{C7A8334E-C162-429F-9445-809060E39748}.Debug|x86.Build.0 = Debug|Any CPU
		{C7A8334E-C162-429F-9445-809060E39748}.Release|Any CPU.ActiveCfg = Release|Any CPU
		{C7A8334E-C162-429F-9445-809060E39748}.Release|Any CPU.Build.0 = Release|Any CPU
		{C7A8334E-C162-429F-9445-809060E39748}.Release|ARM.ActiveCfg = Release|Any CPU
		{C7A8334E-C162-429F-9445-809060E39748}.Release|ARM.Build.0 = Release|Any CPU
		{C7A8334E-C162-429F-9445-809060E39748}.Release|x64.ActiveCfg = Release|Any CPU
		{C7A8334E-C162-429F-9445-809060E39748}.Release|x64.Build.0 = Release|Any CPU
		{C7A8334E-C162-429F-9445-809060E39748}.Release|x86.ActiveCfg = Release|Any CPU
		{C7A8334E-C162-429F-9445-809060E39748}.Release|x86.Build.0 = Release|Any CPU
		{3B0AC909-EE8F-45DF-8415-BC57A36D457D}.Debug|Any CPU.ActiveCfg = Debug|Any CPU
		{3B0AC909-EE8F-45DF-8415-BC57A36D457D}.Debug|Any CPU.Build.0 = Debug|Any CPU
		{3B0AC909-EE8F-45DF-8415-BC57A36D457D}.Debug|ARM.ActiveCfg = Debug|Any CPU
		{3B0AC909-EE8F-45DF-8415-BC57A36D457D}.Debug|ARM.Build.0 = Debug|Any CPU
		{3B0AC909-EE8F-45DF-8415-BC57A36D457D}.Debug|x64.ActiveCfg = Debug|Any CPU
		{3B0AC909-EE8F-45DF-8415-BC57A36D457D}.Debug|x64.Build.0 = Debug|Any CPU
		{3B0AC909-EE8F-45DF-8415-BC57A36D457D}.Debug|x86.ActiveCfg = Debug|Any CPU
		{3B0AC909-EE8F-45DF-8415-BC57A36D457D}.Debug|x86.Build.0 = Debug|Any CPU
		{3B0AC909-EE8F-45DF-8415-BC57A36D457D}.Release|Any CPU.ActiveCfg = Release|Any CPU
		{3B0AC909-EE8F-45DF-8415-BC57A36D457D}.Release|Any CPU.Build.0 = Release|Any CPU
		{3B0AC909-EE8F-45DF-8415-BC57A36D457D}.Release|ARM.ActiveCfg = Release|Any CPU
		{3B0AC909-EE8F-45DF-8415-BC57A36D457D}.Release|ARM.Build.0 = Release|Any CPU
		{3B0AC909-EE8F-45DF-8415-BC57A36D457D}.Release|x64.ActiveCfg = Release|Any CPU
		{3B0AC909-EE8F-45DF-8415-BC57A36D457D}.Release|x64.Build.0 = Release|Any CPU
		{3B0AC909-EE8F-45DF-8415-BC57A36D457D}.Release|x86.ActiveCfg = Release|Any CPU
		{3B0AC909-EE8F-45DF-8415-BC57A36D457D}.Release|x86.Build.0 = Release|Any CPU
		{13CF9611-A4D7-47BE-B2A9-58CC1061B4B5}.Debug|Any CPU.ActiveCfg = Debug|Any CPU
		{13CF9611-A4D7-47BE-B2A9-58CC1061B4B5}.Debug|Any CPU.Build.0 = Debug|Any CPU
		{13CF9611-A4D7-47BE-B2A9-58CC1061B4B5}.Debug|ARM.ActiveCfg = Debug|Any CPU
		{13CF9611-A4D7-47BE-B2A9-58CC1061B4B5}.Debug|ARM.Build.0 = Debug|Any CPU
		{13CF9611-A4D7-47BE-B2A9-58CC1061B4B5}.Debug|x64.ActiveCfg = Debug|Any CPU
		{13CF9611-A4D7-47BE-B2A9-58CC1061B4B5}.Debug|x64.Build.0 = Debug|Any CPU
		{13CF9611-A4D7-47BE-B2A9-58CC1061B4B5}.Debug|x86.ActiveCfg = Debug|Any CPU
		{13CF9611-A4D7-47BE-B2A9-58CC1061B4B5}.Debug|x86.Build.0 = Debug|Any CPU
		{13CF9611-A4D7-47BE-B2A9-58CC1061B4B5}.Release|Any CPU.ActiveCfg = Release|Any CPU
		{13CF9611-A4D7-47BE-B2A9-58CC1061B4B5}.Release|Any CPU.Build.0 = Release|Any CPU
		{13CF9611-A4D7-47BE-B2A9-58CC1061B4B5}.Release|ARM.ActiveCfg = Release|Any CPU
		{13CF9611-A4D7-47BE-B2A9-58CC1061B4B5}.Release|ARM.Build.0 = Release|Any CPU
		{13CF9611-A4D7-47BE-B2A9-58CC1061B4B5}.Release|x64.ActiveCfg = Release|Any CPU
		{13CF9611-A4D7-47BE-B2A9-58CC1061B4B5}.Release|x64.Build.0 = Release|Any CPU
		{13CF9611-A4D7-47BE-B2A9-58CC1061B4B5}.Release|x86.ActiveCfg = Release|Any CPU
		{13CF9611-A4D7-47BE-B2A9-58CC1061B4B5}.Release|x86.Build.0 = Release|Any CPU
		{C3B317FC-DB21-43C3-B27C-F11B24314CEF}.Debug|Any CPU.ActiveCfg = Debug|Any CPU
		{C3B317FC-DB21-43C3-B27C-F11B24314CEF}.Debug|Any CPU.Build.0 = Debug|Any CPU
		{C3B317FC-DB21-43C3-B27C-F11B24314CEF}.Debug|ARM.ActiveCfg = Debug|Any CPU
		{C3B317FC-DB21-43C3-B27C-F11B24314CEF}.Debug|ARM.Build.0 = Debug|Any CPU
		{C3B317FC-DB21-43C3-B27C-F11B24314CEF}.Debug|x64.ActiveCfg = Debug|Any CPU
		{C3B317FC-DB21-43C3-B27C-F11B24314CEF}.Debug|x64.Build.0 = Debug|Any CPU
		{C3B317FC-DB21-43C3-B27C-F11B24314CEF}.Debug|x86.ActiveCfg = Debug|Any CPU
		{C3B317FC-DB21-43C3-B27C-F11B24314CEF}.Debug|x86.Build.0 = Debug|Any CPU
		{C3B317FC-DB21-43C3-B27C-F11B24314CEF}.Release|Any CPU.ActiveCfg = Release|Any CPU
		{C3B317FC-DB21-43C3-B27C-F11B24314CEF}.Release|Any CPU.Build.0 = Release|Any CPU
		{C3B317FC-DB21-43C3-B27C-F11B24314CEF}.Release|ARM.ActiveCfg = Release|Any CPU
		{C3B317FC-DB21-43C3-B27C-F11B24314CEF}.Release|ARM.Build.0 = Release|Any CPU
		{C3B317FC-DB21-43C3-B27C-F11B24314CEF}.Release|x64.ActiveCfg = Release|Any CPU
		{C3B317FC-DB21-43C3-B27C-F11B24314CEF}.Release|x64.Build.0 = Release|Any CPU
		{C3B317FC-DB21-43C3-B27C-F11B24314CEF}.Release|x86.ActiveCfg = Release|Any CPU
		{C3B317FC-DB21-43C3-B27C-F11B24314CEF}.Release|x86.Build.0 = Release|Any CPU
		{0A635765-C8EC-4F30-8A7F-D0ADA508B69E}.Debug|Any CPU.ActiveCfg = Debug|Any CPU
		{0A635765-C8EC-4F30-8A7F-D0ADA508B69E}.Debug|Any CPU.Build.0 = Debug|Any CPU
		{0A635765-C8EC-4F30-8A7F-D0ADA508B69E}.Debug|Any CPU.Deploy.0 = Debug|Any CPU
		{0A635765-C8EC-4F30-8A7F-D0ADA508B69E}.Debug|ARM.ActiveCfg = Debug|Any CPU
		{0A635765-C8EC-4F30-8A7F-D0ADA508B69E}.Debug|ARM.Build.0 = Debug|Any CPU
		{0A635765-C8EC-4F30-8A7F-D0ADA508B69E}.Debug|ARM.Deploy.0 = Debug|Any CPU
		{0A635765-C8EC-4F30-8A7F-D0ADA508B69E}.Debug|x64.ActiveCfg = Debug|Any CPU
		{0A635765-C8EC-4F30-8A7F-D0ADA508B69E}.Debug|x64.Build.0 = Debug|Any CPU
		{0A635765-C8EC-4F30-8A7F-D0ADA508B69E}.Debug|x64.Deploy.0 = Debug|Any CPU
		{0A635765-C8EC-4F30-8A7F-D0ADA508B69E}.Debug|x86.ActiveCfg = Debug|Any CPU
		{0A635765-C8EC-4F30-8A7F-D0ADA508B69E}.Debug|x86.Build.0 = Debug|Any CPU
		{0A635765-C8EC-4F30-8A7F-D0ADA508B69E}.Debug|x86.Deploy.0 = Debug|Any CPU
		{0A635765-C8EC-4F30-8A7F-D0ADA508B69E}.Release|Any CPU.ActiveCfg = Release|Any CPU
		{0A635765-C8EC-4F30-8A7F-D0ADA508B69E}.Release|Any CPU.Build.0 = Release|Any CPU
		{0A635765-C8EC-4F30-8A7F-D0ADA508B69E}.Release|Any CPU.Deploy.0 = Release|Any CPU
		{0A635765-C8EC-4F30-8A7F-D0ADA508B69E}.Release|ARM.ActiveCfg = Release|Any CPU
		{0A635765-C8EC-4F30-8A7F-D0ADA508B69E}.Release|ARM.Build.0 = Release|Any CPU
		{0A635765-C8EC-4F30-8A7F-D0ADA508B69E}.Release|ARM.Deploy.0 = Release|Any CPU
		{0A635765-C8EC-4F30-8A7F-D0ADA508B69E}.Release|x64.ActiveCfg = Release|Any CPU
		{0A635765-C8EC-4F30-8A7F-D0ADA508B69E}.Release|x64.Build.0 = Release|Any CPU
		{0A635765-C8EC-4F30-8A7F-D0ADA508B69E}.Release|x64.Deploy.0 = Release|Any CPU
		{0A635765-C8EC-4F30-8A7F-D0ADA508B69E}.Release|x86.ActiveCfg = Release|Any CPU
		{0A635765-C8EC-4F30-8A7F-D0ADA508B69E}.Release|x86.Build.0 = Release|Any CPU
		{0A635765-C8EC-4F30-8A7F-D0ADA508B69E}.Release|x86.Deploy.0 = Release|Any CPU
		{EAFE81E2-4A9A-4507-BFA8-2FE761BEFFC5}.Debug|Any CPU.ActiveCfg = Debug|Any CPU
		{EAFE81E2-4A9A-4507-BFA8-2FE761BEFFC5}.Debug|Any CPU.Build.0 = Debug|Any CPU
		{EAFE81E2-4A9A-4507-BFA8-2FE761BEFFC5}.Debug|ARM.ActiveCfg = Debug|Any CPU
		{EAFE81E2-4A9A-4507-BFA8-2FE761BEFFC5}.Debug|ARM.Build.0 = Debug|Any CPU
		{EAFE81E2-4A9A-4507-BFA8-2FE761BEFFC5}.Debug|x64.ActiveCfg = Debug|Any CPU
		{EAFE81E2-4A9A-4507-BFA8-2FE761BEFFC5}.Debug|x64.Build.0 = Debug|Any CPU
		{EAFE81E2-4A9A-4507-BFA8-2FE761BEFFC5}.Debug|x86.ActiveCfg = Debug|Any CPU
		{EAFE81E2-4A9A-4507-BFA8-2FE761BEFFC5}.Debug|x86.Build.0 = Debug|Any CPU
		{EAFE81E2-4A9A-4507-BFA8-2FE761BEFFC5}.Release|Any CPU.ActiveCfg = Release|Any CPU
		{EAFE81E2-4A9A-4507-BFA8-2FE761BEFFC5}.Release|Any CPU.Build.0 = Release|Any CPU
		{EAFE81E2-4A9A-4507-BFA8-2FE761BEFFC5}.Release|ARM.ActiveCfg = Release|Any CPU
		{EAFE81E2-4A9A-4507-BFA8-2FE761BEFFC5}.Release|ARM.Build.0 = Release|Any CPU
		{EAFE81E2-4A9A-4507-BFA8-2FE761BEFFC5}.Release|x64.ActiveCfg = Release|Any CPU
		{EAFE81E2-4A9A-4507-BFA8-2FE761BEFFC5}.Release|x64.Build.0 = Release|Any CPU
		{EAFE81E2-4A9A-4507-BFA8-2FE761BEFFC5}.Release|x86.ActiveCfg = Release|Any CPU
		{EAFE81E2-4A9A-4507-BFA8-2FE761BEFFC5}.Release|x86.Build.0 = Release|Any CPU
		{21392660-E103-4C8E-B334-32DC7A045235}.Debug|Any CPU.ActiveCfg = Debug|Any CPU
		{21392660-E103-4C8E-B334-32DC7A045235}.Debug|Any CPU.Build.0 = Debug|Any CPU
		{21392660-E103-4C8E-B334-32DC7A045235}.Debug|ARM.ActiveCfg = Debug|Any CPU
		{21392660-E103-4C8E-B334-32DC7A045235}.Debug|ARM.Build.0 = Debug|Any CPU
		{21392660-E103-4C8E-B334-32DC7A045235}.Debug|x64.ActiveCfg = Debug|Any CPU
		{21392660-E103-4C8E-B334-32DC7A045235}.Debug|x64.Build.0 = Debug|Any CPU
		{21392660-E103-4C8E-B334-32DC7A045235}.Debug|x86.ActiveCfg = Debug|Any CPU
		{21392660-E103-4C8E-B334-32DC7A045235}.Debug|x86.Build.0 = Debug|Any CPU
		{21392660-E103-4C8E-B334-32DC7A045235}.Release|Any CPU.ActiveCfg = Release|Any CPU
		{21392660-E103-4C8E-B334-32DC7A045235}.Release|Any CPU.Build.0 = Release|Any CPU
		{21392660-E103-4C8E-B334-32DC7A045235}.Release|ARM.ActiveCfg = Release|Any CPU
		{21392660-E103-4C8E-B334-32DC7A045235}.Release|ARM.Build.0 = Release|Any CPU
		{21392660-E103-4C8E-B334-32DC7A045235}.Release|x64.ActiveCfg = Release|Any CPU
		{21392660-E103-4C8E-B334-32DC7A045235}.Release|x64.Build.0 = Release|Any CPU
		{21392660-E103-4C8E-B334-32DC7A045235}.Release|x86.ActiveCfg = Release|Any CPU
		{21392660-E103-4C8E-B334-32DC7A045235}.Release|x86.Build.0 = Release|Any CPU
		{80567B7F-2ABF-433B-8988-A194C4D9EDF0}.Debug|Any CPU.ActiveCfg = Debug|Any CPU
		{80567B7F-2ABF-433B-8988-A194C4D9EDF0}.Debug|Any CPU.Build.0 = Debug|Any CPU
		{80567B7F-2ABF-433B-8988-A194C4D9EDF0}.Debug|ARM.ActiveCfg = Debug|Any CPU
		{80567B7F-2ABF-433B-8988-A194C4D9EDF0}.Debug|ARM.Build.0 = Debug|Any CPU
		{80567B7F-2ABF-433B-8988-A194C4D9EDF0}.Debug|x64.ActiveCfg = Debug|Any CPU
		{80567B7F-2ABF-433B-8988-A194C4D9EDF0}.Debug|x64.Build.0 = Debug|Any CPU
		{80567B7F-2ABF-433B-8988-A194C4D9EDF0}.Debug|x86.ActiveCfg = Debug|Any CPU
		{80567B7F-2ABF-433B-8988-A194C4D9EDF0}.Debug|x86.Build.0 = Debug|Any CPU
		{80567B7F-2ABF-433B-8988-A194C4D9EDF0}.Release|Any CPU.ActiveCfg = Release|Any CPU
		{80567B7F-2ABF-433B-8988-A194C4D9EDF0}.Release|Any CPU.Build.0 = Release|Any CPU
		{80567B7F-2ABF-433B-8988-A194C4D9EDF0}.Release|ARM.ActiveCfg = Release|Any CPU
		{80567B7F-2ABF-433B-8988-A194C4D9EDF0}.Release|ARM.Build.0 = Release|Any CPU
		{80567B7F-2ABF-433B-8988-A194C4D9EDF0}.Release|x64.ActiveCfg = Release|Any CPU
		{80567B7F-2ABF-433B-8988-A194C4D9EDF0}.Release|x64.Build.0 = Release|Any CPU
		{80567B7F-2ABF-433B-8988-A194C4D9EDF0}.Release|x86.ActiveCfg = Release|Any CPU
		{80567B7F-2ABF-433B-8988-A194C4D9EDF0}.Release|x86.Build.0 = Release|Any CPU
	EndGlobalSection
	GlobalSection(SolutionProperties) = preSolution
		HideSolutionNode = FALSE
	EndGlobalSection
	GlobalSection(ExtensibilityGlobals) = postSolution
		SolutionGuid = {8AD9C56E-8C67-45CF-AF52-D8A5BFCDBEC7}
	EndGlobalSection
EndGlobal
